
Microsoft Visual Studio Solution File, Format Version 12.00
# Visual Studio Version 16
VisualStudioVersion = 16.0.30011.22
MinimumVisualStudioVersion = 10.0.40219.1
Project("{8BC9CEB8-8B4A-11D0-8D11-00A0C91BC942}") = "grafDwudzielny", "grafDwudzielny\grafDwudzielny.vcxproj", "{7FD081DC-60E9-4D46-A510-A5B1D0A344EF}"
EndProject
Global
	GlobalSection(SolutionConfigurationPlatforms) = preSolution
		Debug|x64 = Debug|x64
		Debug|x86 = Debug|x86
		Release|x64 = Release|x64
		Release|x86 = Release|x86
	EndGlobalSection
	GlobalSection(ProjectConfigurationPlatforms) = postSolution
		{7FD081DC-60E9-4D46-A510-A5B1D0A344EF}.Debug|x64.ActiveCfg = Debug|x64
		{7FD081DC-60E9-4D46-A510-A5B1D0A344EF}.Debug|x64.Build.0 = Debug|x64
		{7FD081DC-60E9-4D46-A510-A5B1D0A344EF}.Debug|x86.ActiveCfg = Debug|Win32
		{7FD081DC-60E9-4D46-A510-A5B1D0A344EF}.Debug|x86.Build.0 = Debug|Win32
		{7FD081DC-60E9-4D46-A510-A5B1D0A344EF}.Release|x64.ActiveCfg = Release|x64
		{7FD081DC-60E9-4D46-A510-A5B1D0A344EF}.Release|x64.Build.0 = Release|x64
		{7FD081DC-60E9-4D46-A510-A5B1D0A344EF}.Release|x86.ActiveCfg = Release|Win32
		{7FD081DC-60E9-4D46-A510-A5B1D0A344EF}.Release|x86.Build.0 = Release|Win32
	EndGlobalSection
	GlobalSection(SolutionProperties) = preSolution
		HideSolutionNode = FALSE
	EndGlobalSection
	GlobalSection(ExtensibilityGlobals) = postSolution
		SolutionGuid = {054B637A-2448-4282-BA2E-4EDEB5B60941}
	EndGlobalSection
EndGlobal
